// !$*UTF8*$!
{
	archiveVersion = 1;
	classes = {
	};
	objectVersion = 56;
	objects = {

/* Begin PBXBuildFile section */
		DF3C455928D2A43F002875D3 /* LoaderPrototype5App.swift in Sources */ = {isa = PBXBuildFile; fileRef = DF3C455828D2A43F002875D3 /* LoaderPrototype5App.swift */; };
		DF3C455B28D2A43F002875D3 /* ContentView.swift in Sources */ = {isa = PBXBuildFile; fileRef = DF3C455A28D2A43F002875D3 /* ContentView.swift */; };
		DF3C455D28D2A445002875D3 /* Assets.xcassets in Resources */ = {isa = PBXBuildFile; fileRef = DF3C455C28D2A445002875D3 /* Assets.xcassets */; };
		DF3C456028D2A445002875D3 /* Preview Assets.xcassets in Resources */ = {isa = PBXBuildFile; fileRef = DF3C455F28D2A445002875D3 /* Preview Assets.xcassets */; };
		DF5FFDDB28F48E64007D91B4 /* SDWebImage in Frameworks */ = {isa = PBXBuildFile; productRef = DF5FFDDA28F48E64007D91B4 /* SDWebImage */; };
		DF90283328EC2E6A007EDB01 /* AppDelegate.swift in Sources */ = {isa = PBXBuildFile; fileRef = DF90283228EC2E6A007EDB01 /* AppDelegate.swift */; };
		DF90283528EC2E6A007EDB01 /* SceneDelegate.swift in Sources */ = {isa = PBXBuildFile; fileRef = DF90283428EC2E6A007EDB01 /* SceneDelegate.swift */; };
		DF90283C28EC2E6F007EDB01 /* Assets.xcassets in Resources */ = {isa = PBXBuildFile; fileRef = DF90283B28EC2E6F007EDB01 /* Assets.xcassets */; };
		DF90283F28EC2E6F007EDB01 /* LaunchScreen.storyboard in Resources */ = {isa = PBXBuildFile; fileRef = DF90283D28EC2E6F007EDB01 /* LaunchScreen.storyboard */; };
		DF90286B28ED7ECB007EDB01 /* HomeTableViewController.swift in Sources */ = {isa = PBXBuildFile; fileRef = DF90286A28ED7ECB007EDB01 /* HomeTableViewController.swift */; };
		DF90287328ED845B007EDB01 /* ComicCell.swift in Sources */ = {isa = PBXBuildFile; fileRef = DF90287228ED845B007EDB01 /* ComicCell.swift */; };
		DF90287528ED8DF2007EDB01 /* ComicBookBaseData.swift in Sources */ = {isa = PBXBuildFile; fileRef = DF90287428ED8DF2007EDB01 /* ComicBookBaseData.swift */; };
		DF90287728EDB158007EDB01 /* Loader.swift in Sources */ = {isa = PBXBuildFile; fileRef = DF3C456828D2A4AD002875D3 /* Loader.swift */; };
		DF90287928EDB1C7007EDB01 /* EnvironmentValues.swift in Sources */ = {isa = PBXBuildFile; fileRef = DF3C456628D2A468002875D3 /* EnvironmentValues.swift */; };
		DF90287A28EDB331007EDB01 /* AsyncOperation.swift in Sources */ = {isa = PBXBuildFile; fileRef = DF9A086428E5839F0058202A /* AsyncOperation.swift */; };
		DF90287B28EDB331007EDB01 /* ImageRequestOperation.swift in Sources */ = {isa = PBXBuildFile; fileRef = DF9A086828E598990058202A /* ImageRequestOperation.swift */; };
		DF90287C28EDB331007EDB01 /* CustomCacheManager.swift in Sources */ = {isa = PBXBuildFile; fileRef = DF9A086028E582C80058202A /* CustomCacheManager.swift */; };
		DF9A021428F48C91002E3D06 /* SDWebImage in Frameworks */ = {isa = PBXBuildFile; productRef = DF9A021328F48C91002E3D06 /* SDWebImage */; };
		DF9A1D4328F880B20004A940 /* PageCountTableViewCell.swift in Sources */ = {isa = PBXBuildFile; fileRef = DF9A1D4228F880B20004A940 /* PageCountTableViewCell.swift */; };
		DF9A1D4528F957D10004A940 /* Protocols.swift in Sources */ = {isa = PBXBuildFile; fileRef = DF9A1D4428F957D10004A940 /* Protocols.swift */; };
		DF9A1D4828F985C20004A940 /* PureLayout in Frameworks */ = {isa = PBXBuildFile; productRef = DF9A1D4728F985C20004A940 /* PureLayout */; };
		DF9A1D4A28F985EF0004A940 /* PureLayout in Frameworks */ = {isa = PBXBuildFile; productRef = DF9A1D4928F985EF0004A940 /* PureLayout */; };
		DFAAEEFC28D360DD002EDC43 /* HomeView.swift in Sources */ = {isa = PBXBuildFile; fileRef = DFAAEEFB28D360DD002EDC43 /* HomeView.swift */; };
		DFC22C4928F57AC5000B9444 /* DetailViewController.swift in Sources */ = {isa = PBXBuildFile; fileRef = DFC22C4828F57AC5000B9444 /* DetailViewController.swift */; };
		DFC22C4B28F62CBC000B9444 /* DetailPresentation.swift in Sources */ = {isa = PBXBuildFile; fileRef = DFC22C4A28F62CBC000B9444 /* DetailPresentation.swift */; };
		DFC22C4D28F62FF5000B9444 /* DetailDataSource.swift in Sources */ = {isa = PBXBuildFile; fileRef = DFC22C4C28F62FF5000B9444 /* DetailDataSource.swift */; };
		DFC22C4F28F630B8000B9444 /* NameTableViewCell.swift in Sources */ = {isa = PBXBuildFile; fileRef = DFC22C4E28F630B8000B9444 /* NameTableViewCell.swift */; };
		DFC22C5228F6C620000B9444 /* BioTableViewCell.swift in Sources */ = {isa = PBXBuildFile; fileRef = DFC22C5128F6C620000B9444 /* BioTableViewCell.swift */; };
		DFC22C5428F6D0B6000B9444 /* IssueNumberTableViewCell.swift in Sources */ = {isa = PBXBuildFile; fileRef = DFC22C5328F6D0B6000B9444 /* IssueNumberTableViewCell.swift */; };
		DFF6EC0E28EF0C320098AE0C /* Credentials.swift in Sources */ = {isa = PBXBuildFile; fileRef = DFF6EC0D28EF0C320098AE0C /* Credentials.swift */; };
		DFF6EC0F28F4257B0098AE0C /* LoaderView.swift in Sources */ = {isa = PBXBuildFile; fileRef = DF3C456A28D2A4E0002875D3 /* LoaderView.swift */; };
		DFF6EC1328F435550098AE0C /* Posters.swift in Sources */ = {isa = PBXBuildFile; fileRef = DFF6EC1028F4306B0098AE0C /* Posters.swift */; };
		DFFB199729029BDF00E3238C /* NameTableCellViewModel.swift in Sources */ = {isa = PBXBuildFile; fileRef = DFFB199629029BDF00E3238C /* NameTableCellViewModel.swift */; };
		DFFBAE1728FFEEC500AA73A8 /* AppDelegate.swift in Sources */ = {isa = PBXBuildFile; fileRef = DFFBAE1628FFEEC500AA73A8 /* AppDelegate.swift */; };
		DFFBAE1928FFEEC500AA73A8 /* SceneDelegate.swift in Sources */ = {isa = PBXBuildFile; fileRef = DFFBAE1828FFEEC500AA73A8 /* SceneDelegate.swift */; };
		DFFBAE1B28FFEEC500AA73A8 /* ViewController.swift in Sources */ = {isa = PBXBuildFile; fileRef = DFFBAE1A28FFEEC500AA73A8 /* ViewController.swift */; };
		DFFBAE1E28FFEEC500AA73A8 /* Main.storyboard in Resources */ = {isa = PBXBuildFile; fileRef = DFFBAE1C28FFEEC500AA73A8 /* Main.storyboard */; };
		DFFBAE2028FFEEC700AA73A8 /* Assets.xcassets in Resources */ = {isa = PBXBuildFile; fileRef = DFFBAE1F28FFEEC700AA73A8 /* Assets.xcassets */; };
		DFFBAE2328FFEEC700AA73A8 /* LaunchScreen.storyboard in Resources */ = {isa = PBXBuildFile; fileRef = DFFBAE2128FFEEC700AA73A8 /* LaunchScreen.storyboard */; };
		DFFBAE2E28FFEEC800AA73A8 /* MVVMTests.swift in Sources */ = {isa = PBXBuildFile; fileRef = DFFBAE2D28FFEEC800AA73A8 /* MVVMTests.swift */; };
		DFFBAE3828FFEEC900AA73A8 /* MVVMUITests.swift in Sources */ = {isa = PBXBuildFile; fileRef = DFFBAE3728FFEEC900AA73A8 /* MVVMUITests.swift */; };
		DFFBAE3A28FFEEC900AA73A8 /* MVVMUITestsLaunchTests.swift in Sources */ = {isa = PBXBuildFile; fileRef = DFFBAE3928FFEEC900AA73A8 /* MVVMUITestsLaunchTests.swift */; };
		DFFBAE4428FFEF0500AA73A8 /* ViewController.swift in Sources */ = {isa = PBXBuildFile; fileRef = DFFBAE1A28FFEEC500AA73A8 /* ViewController.swift */; };
		DFFBAE4628FFF03300AA73A8 /* Callculator.swift in Sources */ = {isa = PBXBuildFile; fileRef = DFFBAE4528FFF03300AA73A8 /* Callculator.swift */; };
		DFFBAE4728FFF03300AA73A8 /* Callculator.swift in Sources */ = {isa = PBXBuildFile; fileRef = DFFBAE4528FFF03300AA73A8 /* Callculator.swift */; };
		DFFBAE4C2901471400AA73A8 /* ComicBookData.swift in Sources */ = {isa = PBXBuildFile; fileRef = DFFBAE4B2901471400AA73A8 /* ComicBookData.swift */; };
		DFFBAE4E2901472400AA73A8 /* Comic.swift in Sources */ = {isa = PBXBuildFile; fileRef = DFFBAE4D2901472400AA73A8 /* Comic.swift */; };
		DFFBAE502901473600AA73A8 /* Thumbnail.swift in Sources */ = {isa = PBXBuildFile; fileRef = DFFBAE4F2901473600AA73A8 /* Thumbnail.swift */; };
		DFFBAE582901603F00AA73A8 /* HomeTableViewModel.swift in Sources */ = {isa = PBXBuildFile; fileRef = DFFBAE572901603F00AA73A8 /* HomeTableViewModel.swift */; };
		DFFBAE5A2901606200AA73A8 /* DetailViewModel.swift in Sources */ = {isa = PBXBuildFile; fileRef = DFFBAE592901606200AA73A8 /* DetailViewModel.swift */; };
/* End PBXBuildFile section */

/* Begin PBXContainerItemProxy section */
		DF90284628EC2E70007EDB01 /* PBXContainerItemProxy */ = {
			isa = PBXContainerItemProxy;
			containerPortal = DF3C454D28D2A43F002875D3 /* Project object */;
			proxyType = 1;
			remoteGlobalIDString = DF90282F28EC2E6A007EDB01;
			remoteInfo = MarvelLoader;
		};
		DF90285028EC2E70007EDB01 /* PBXContainerItemProxy */ = {
			isa = PBXContainerItemProxy;
			containerPortal = DF3C454D28D2A43F002875D3 /* Project object */;
			proxyType = 1;
			remoteGlobalIDString = DF90282F28EC2E6A007EDB01;
			remoteInfo = MarvelLoader;
		};
		DFFBAE2A28FFEEC800AA73A8 /* PBXContainerItemProxy */ = {
			isa = PBXContainerItemProxy;
			containerPortal = DF3C454D28D2A43F002875D3 /* Project object */;
			proxyType = 1;
			remoteGlobalIDString = DFFBAE1328FFEEC500AA73A8;
			remoteInfo = MVVM;
		};
		DFFBAE3428FFEEC800AA73A8 /* PBXContainerItemProxy */ = {
			isa = PBXContainerItemProxy;
			containerPortal = DF3C454D28D2A43F002875D3 /* Project object */;
			proxyType = 1;
			remoteGlobalIDString = DFFBAE1328FFEEC500AA73A8;
			remoteInfo = MVVM;
		};
/* End PBXContainerItemProxy section */

/* Begin PBXFileReference section */
		DF3C455528D2A43F002875D3 /* LoaderPrototype5.app */ = {isa = PBXFileReference; explicitFileType = wrapper.application; includeInIndex = 0; path = LoaderPrototype5.app; sourceTree = BUILT_PRODUCTS_DIR; };
		DF3C455828D2A43F002875D3 /* LoaderPrototype5App.swift */ = {isa = PBXFileReference; lastKnownFileType = sourcecode.swift; path = LoaderPrototype5App.swift; sourceTree = "<group>"; };
		DF3C455A28D2A43F002875D3 /* ContentView.swift */ = {isa = PBXFileReference; lastKnownFileType = sourcecode.swift; path = ContentView.swift; sourceTree = "<group>"; };
		DF3C455C28D2A445002875D3 /* Assets.xcassets */ = {isa = PBXFileReference; lastKnownFileType = folder.assetcatalog; path = Assets.xcassets; sourceTree = "<group>"; };
		DF3C455F28D2A445002875D3 /* Preview Assets.xcassets */ = {isa = PBXFileReference; lastKnownFileType = folder.assetcatalog; path = "Preview Assets.xcassets"; sourceTree = "<group>"; };
		DF3C456628D2A468002875D3 /* EnvironmentValues.swift */ = {isa = PBXFileReference; lastKnownFileType = sourcecode.swift; path = EnvironmentValues.swift; sourceTree = "<group>"; };
		DF3C456828D2A4AD002875D3 /* Loader.swift */ = {isa = PBXFileReference; lastKnownFileType = sourcecode.swift; path = Loader.swift; sourceTree = "<group>"; };
		DF3C456A28D2A4E0002875D3 /* LoaderView.swift */ = {isa = PBXFileReference; lastKnownFileType = sourcecode.swift; path = LoaderView.swift; sourceTree = "<group>"; };
		DF90283028EC2E6A007EDB01 /* MarvelLoader.app */ = {isa = PBXFileReference; explicitFileType = wrapper.application; includeInIndex = 0; path = MarvelLoader.app; sourceTree = BUILT_PRODUCTS_DIR; };
		DF90283228EC2E6A007EDB01 /* AppDelegate.swift */ = {isa = PBXFileReference; lastKnownFileType = sourcecode.swift; path = AppDelegate.swift; sourceTree = "<group>"; };
		DF90283428EC2E6A007EDB01 /* SceneDelegate.swift */ = {isa = PBXFileReference; lastKnownFileType = sourcecode.swift; path = SceneDelegate.swift; sourceTree = "<group>"; };
		DF90283B28EC2E6F007EDB01 /* Assets.xcassets */ = {isa = PBXFileReference; lastKnownFileType = folder.assetcatalog; path = Assets.xcassets; sourceTree = "<group>"; };
		DF90283E28EC2E6F007EDB01 /* Base */ = {isa = PBXFileReference; lastKnownFileType = file.storyboard; name = Base; path = Base.lproj/LaunchScreen.storyboard; sourceTree = "<group>"; };
		DF90284028EC2E6F007EDB01 /* Info.plist */ = {isa = PBXFileReference; lastKnownFileType = text.plist.xml; path = Info.plist; sourceTree = "<group>"; };
		DF90284528EC2E70007EDB01 /* MarvelLoaderTests.xctest */ = {isa = PBXFileReference; explicitFileType = wrapper.cfbundle; includeInIndex = 0; path = MarvelLoaderTests.xctest; sourceTree = BUILT_PRODUCTS_DIR; };
		DF90284F28EC2E70007EDB01 /* MarvelLoaderUITests.xctest */ = {isa = PBXFileReference; explicitFileType = wrapper.cfbundle; includeInIndex = 0; path = MarvelLoaderUITests.xctest; sourceTree = BUILT_PRODUCTS_DIR; };
		DF90286A28ED7ECB007EDB01 /* HomeTableViewController.swift */ = {isa = PBXFileReference; lastKnownFileType = sourcecode.swift; path = HomeTableViewController.swift; sourceTree = "<group>"; };
		DF90287228ED845B007EDB01 /* ComicCell.swift */ = {isa = PBXFileReference; lastKnownFileType = sourcecode.swift; path = ComicCell.swift; sourceTree = "<group>"; };
		DF90287428ED8DF2007EDB01 /* ComicBookBaseData.swift */ = {isa = PBXFileReference; lastKnownFileType = sourcecode.swift; path = ComicBookBaseData.swift; sourceTree = "<group>"; };
		DF9A086028E582C80058202A /* CustomCacheManager.swift */ = {isa = PBXFileReference; lastKnownFileType = sourcecode.swift; path = CustomCacheManager.swift; sourceTree = "<group>"; };
		DF9A086428E5839F0058202A /* AsyncOperation.swift */ = {isa = PBXFileReference; lastKnownFileType = sourcecode.swift; path = AsyncOperation.swift; sourceTree = "<group>"; };
		DF9A086828E598990058202A /* ImageRequestOperation.swift */ = {isa = PBXFileReference; lastKnownFileType = sourcecode.swift; path = ImageRequestOperation.swift; sourceTree = "<group>"; };
		DF9A1D4228F880B20004A940 /* PageCountTableViewCell.swift */ = {isa = PBXFileReference; lastKnownFileType = sourcecode.swift; path = PageCountTableViewCell.swift; sourceTree = "<group>"; };
		DF9A1D4428F957D10004A940 /* Protocols.swift */ = {isa = PBXFileReference; lastKnownFileType = sourcecode.swift; path = Protocols.swift; sourceTree = "<group>"; };
		DFAAEEFB28D360DD002EDC43 /* HomeView.swift */ = {isa = PBXFileReference; lastKnownFileType = sourcecode.swift; path = HomeView.swift; sourceTree = "<group>"; };
		DFC22C4828F57AC5000B9444 /* DetailViewController.swift */ = {isa = PBXFileReference; lastKnownFileType = sourcecode.swift; path = DetailViewController.swift; sourceTree = "<group>"; };
		DFC22C4A28F62CBC000B9444 /* DetailPresentation.swift */ = {isa = PBXFileReference; lastKnownFileType = sourcecode.swift; path = DetailPresentation.swift; sourceTree = "<group>"; };
		DFC22C4C28F62FF5000B9444 /* DetailDataSource.swift */ = {isa = PBXFileReference; lastKnownFileType = sourcecode.swift; path = DetailDataSource.swift; sourceTree = "<group>"; };
		DFC22C4E28F630B8000B9444 /* NameTableViewCell.swift */ = {isa = PBXFileReference; lastKnownFileType = sourcecode.swift; path = NameTableViewCell.swift; sourceTree = "<group>"; };
		DFC22C5128F6C620000B9444 /* BioTableViewCell.swift */ = {isa = PBXFileReference; lastKnownFileType = sourcecode.swift; path = BioTableViewCell.swift; sourceTree = "<group>"; };
		DFC22C5328F6D0B6000B9444 /* IssueNumberTableViewCell.swift */ = {isa = PBXFileReference; lastKnownFileType = sourcecode.swift; path = IssueNumberTableViewCell.swift; sourceTree = "<group>"; };
		DFF6EC0D28EF0C320098AE0C /* Credentials.swift */ = {isa = PBXFileReference; lastKnownFileType = sourcecode.swift; path = Credentials.swift; sourceTree = "<group>"; };
		DFF6EC1028F4306B0098AE0C /* Posters.swift */ = {isa = PBXFileReference; lastKnownFileType = sourcecode.swift; path = Posters.swift; sourceTree = "<group>"; };
		DFFB199629029BDF00E3238C /* NameTableCellViewModel.swift */ = {isa = PBXFileReference; lastKnownFileType = sourcecode.swift; path = NameTableCellViewModel.swift; sourceTree = "<group>"; };
		DFFBAE1428FFEEC500AA73A8 /* MVVM.app */ = {isa = PBXFileReference; explicitFileType = wrapper.application; includeInIndex = 0; path = MVVM.app; sourceTree = BUILT_PRODUCTS_DIR; };
		DFFBAE1628FFEEC500AA73A8 /* AppDelegate.swift */ = {isa = PBXFileReference; lastKnownFileType = sourcecode.swift; path = AppDelegate.swift; sourceTree = "<group>"; };
		DFFBAE1828FFEEC500AA73A8 /* SceneDelegate.swift */ = {isa = PBXFileReference; lastKnownFileType = sourcecode.swift; path = SceneDelegate.swift; sourceTree = "<group>"; };
		DFFBAE1A28FFEEC500AA73A8 /* ViewController.swift */ = {isa = PBXFileReference; lastKnownFileType = sourcecode.swift; path = ViewController.swift; sourceTree = "<group>"; };
		DFFBAE1D28FFEEC500AA73A8 /* Base */ = {isa = PBXFileReference; lastKnownFileType = file.storyboard; name = Base; path = Base.lproj/Main.storyboard; sourceTree = "<group>"; };
		DFFBAE1F28FFEEC700AA73A8 /* Assets.xcassets */ = {isa = PBXFileReference; lastKnownFileType = folder.assetcatalog; path = Assets.xcassets; sourceTree = "<group>"; };
		DFFBAE2228FFEEC700AA73A8 /* Base */ = {isa = PBXFileReference; lastKnownFileType = file.storyboard; name = Base; path = Base.lproj/LaunchScreen.storyboard; sourceTree = "<group>"; };
		DFFBAE2428FFEEC700AA73A8 /* Info.plist */ = {isa = PBXFileReference; lastKnownFileType = text.plist.xml; path = Info.plist; sourceTree = "<group>"; };
		DFFBAE2928FFEEC800AA73A8 /* MVVMTests.xctest */ = {isa = PBXFileReference; explicitFileType = wrapper.cfbundle; includeInIndex = 0; path = MVVMTests.xctest; sourceTree = BUILT_PRODUCTS_DIR; };
		DFFBAE2D28FFEEC800AA73A8 /* MVVMTests.swift */ = {isa = PBXFileReference; lastKnownFileType = sourcecode.swift; path = MVVMTests.swift; sourceTree = "<group>"; };
		DFFBAE3328FFEEC800AA73A8 /* MVVMUITests.xctest */ = {isa = PBXFileReference; explicitFileType = wrapper.cfbundle; includeInIndex = 0; path = MVVMUITests.xctest; sourceTree = BUILT_PRODUCTS_DIR; };
		DFFBAE3728FFEEC900AA73A8 /* MVVMUITests.swift */ = {isa = PBXFileReference; lastKnownFileType = sourcecode.swift; path = MVVMUITests.swift; sourceTree = "<group>"; };
		DFFBAE3928FFEEC900AA73A8 /* MVVMUITestsLaunchTests.swift */ = {isa = PBXFileReference; lastKnownFileType = sourcecode.swift; path = MVVMUITestsLaunchTests.swift; sourceTree = "<group>"; };
		DFFBAE4528FFF03300AA73A8 /* Callculator.swift */ = {isa = PBXFileReference; lastKnownFileType = sourcecode.swift; path = Callculator.swift; sourceTree = "<group>"; };
		DFFBAE4B2901471400AA73A8 /* ComicBookData.swift */ = {isa = PBXFileReference; lastKnownFileType = sourcecode.swift; path = ComicBookData.swift; sourceTree = "<group>"; };
		DFFBAE4D2901472400AA73A8 /* Comic.swift */ = {isa = PBXFileReference; lastKnownFileType = sourcecode.swift; path = Comic.swift; sourceTree = "<group>"; };
		DFFBAE4F2901473600AA73A8 /* Thumbnail.swift */ = {isa = PBXFileReference; lastKnownFileType = sourcecode.swift; path = Thumbnail.swift; sourceTree = "<group>"; };
		DFFBAE572901603F00AA73A8 /* HomeTableViewModel.swift */ = {isa = PBXFileReference; lastKnownFileType = sourcecode.swift; path = HomeTableViewModel.swift; sourceTree = "<group>"; };
		DFFBAE592901606200AA73A8 /* DetailViewModel.swift */ = {isa = PBXFileReference; lastKnownFileType = sourcecode.swift; path = DetailViewModel.swift; sourceTree = "<group>"; };
/* End PBXFileReference section */

/* Begin PBXFrameworksBuildPhase section */
		DF3C455228D2A43F002875D3 /* Frameworks */ = {
			isa = PBXFrameworksBuildPhase;
			buildActionMask = 2147483647;
			files = (
				DF9A1D4828F985C20004A940 /* PureLayout in Frameworks */,
				DF9A021428F48C91002E3D06 /* SDWebImage in Frameworks */,
			);
			runOnlyForDeploymentPostprocessing = 0;
		};
		DF90282D28EC2E6A007EDB01 /* Frameworks */ = {
			isa = PBXFrameworksBuildPhase;
			buildActionMask = 2147483647;
			files = (
				DF9A1D4A28F985EF0004A940 /* PureLayout in Frameworks */,
				DF5FFDDB28F48E64007D91B4 /* SDWebImage in Frameworks */,
			);
			runOnlyForDeploymentPostprocessing = 0;
		};
		DF90284228EC2E70007EDB01 /* Frameworks */ = {
			isa = PBXFrameworksBuildPhase;
			buildActionMask = 2147483647;
			files = (
			);
			runOnlyForDeploymentPostprocessing = 0;
		};
		DF90284C28EC2E70007EDB01 /* Frameworks */ = {
			isa = PBXFrameworksBuildPhase;
			buildActionMask = 2147483647;
			files = (
			);
			runOnlyForDeploymentPostprocessing = 0;
		};
		DFFBAE1128FFEEC500AA73A8 /* Frameworks */ = {
			isa = PBXFrameworksBuildPhase;
			buildActionMask = 2147483647;
			files = (
			);
			runOnlyForDeploymentPostprocessing = 0;
		};
		DFFBAE2628FFEEC800AA73A8 /* Frameworks */ = {
			isa = PBXFrameworksBuildPhase;
			buildActionMask = 2147483647;
			files = (
			);
			runOnlyForDeploymentPostprocessing = 0;
		};
		DFFBAE3028FFEEC800AA73A8 /* Frameworks */ = {
			isa = PBXFrameworksBuildPhase;
			buildActionMask = 2147483647;
			files = (
			);
			runOnlyForDeploymentPostprocessing = 0;
		};
/* End PBXFrameworksBuildPhase section */

/* Begin PBXGroup section */
		DF03906528FD623C0056510D /* Helper files */ = {
			isa = PBXGroup;
			children = (
				DF9A1D4428F957D10004A940 /* Protocols.swift */,
				DFF6EC0D28EF0C320098AE0C /* Credentials.swift */,
			);
			path = "Helper files";
			sourceTree = "<group>";
		};
		DF3C454C28D2A43F002875D3 = {
			isa = PBXGroup;
			children = (
				DF3C455728D2A43F002875D3 /* LoaderPrototype5 */,
				DF90283128EC2E6A007EDB01 /* MarvelLoader */,
				DFFBAE1528FFEEC500AA73A8 /* MVVM */,
				DFFBAE2C28FFEEC800AA73A8 /* MVVMTests */,
				DFFBAE3628FFEEC900AA73A8 /* MVVMUITests */,
				DF3C455628D2A43F002875D3 /* Products */,
				DF5FFDD928F48E64007D91B4 /* Frameworks */,
			);
			sourceTree = "<group>";
		};
		DF3C455628D2A43F002875D3 /* Products */ = {
			isa = PBXGroup;
			children = (
				DF3C455528D2A43F002875D3 /* LoaderPrototype5.app */,
				DF90283028EC2E6A007EDB01 /* MarvelLoader.app */,
				DF90284528EC2E70007EDB01 /* MarvelLoaderTests.xctest */,
				DF90284F28EC2E70007EDB01 /* MarvelLoaderUITests.xctest */,
				DFFBAE1428FFEEC500AA73A8 /* MVVM.app */,
				DFFBAE2928FFEEC800AA73A8 /* MVVMTests.xctest */,
				DFFBAE3328FFEEC800AA73A8 /* MVVMUITests.xctest */,
			);
			name = Products;
			sourceTree = "<group>";
		};
		DF3C455728D2A43F002875D3 /* LoaderPrototype5 */ = {
			isa = PBXGroup;
			children = (
				DF9A086628E58D5F0058202A /* SwiftUI Views */,
				DF9A086728E58D6E0058202A /* Helpers */,
				DF3C455828D2A43F002875D3 /* LoaderPrototype5App.swift */,
				DFF6EC1028F4306B0098AE0C /* Posters.swift */,
				DF3C455C28D2A445002875D3 /* Assets.xcassets */,
				DF3C455E28D2A445002875D3 /* Preview Content */,
			);
			path = LoaderPrototype5;
			sourceTree = "<group>";
		};
		DF3C455E28D2A445002875D3 /* Preview Content */ = {
			isa = PBXGroup;
			children = (
				DF3C455F28D2A445002875D3 /* Preview Assets.xcassets */,
			);
			path = "Preview Content";
			sourceTree = "<group>";
		};
		DF5FFDD928F48E64007D91B4 /* Frameworks */ = {
			isa = PBXGroup;
			children = (
			);
			name = Frameworks;
			sourceTree = "<group>";
		};
		DF90283128EC2E6A007EDB01 /* MarvelLoader */ = {
			isa = PBXGroup;
			children = (
				DF90287628EDB0F9007EDB01 /* Model */,
				DFFBAE522901477800AA73A8 /* DetailScreenTable */,
				DFFBAE512901476A00AA73A8 /* HomeTable */,
				DF03906528FD623C0056510D /* Helper files */,
				DFF6EC1228F430920098AE0C /* Loader */,
				DF90283228EC2E6A007EDB01 /* AppDelegate.swift */,
				DF90283428EC2E6A007EDB01 /* SceneDelegate.swift */,
				DF90283B28EC2E6F007EDB01 /* Assets.xcassets */,
				DF90283D28EC2E6F007EDB01 /* LaunchScreen.storyboard */,
				DF90284028EC2E6F007EDB01 /* Info.plist */,
			);
			path = MarvelLoader;
			sourceTree = "<group>";
		};
		DF90287628EDB0F9007EDB01 /* Model */ = {
			isa = PBXGroup;
			children = (
				DF90287428ED8DF2007EDB01 /* ComicBookBaseData.swift */,
				DFFBAE4D2901472400AA73A8 /* Comic.swift */,
				DFFBAE4B2901471400AA73A8 /* ComicBookData.swift */,
				DFFBAE4F2901473600AA73A8 /* Thumbnail.swift */,
			);
			path = Model;
			sourceTree = "<group>";
		};
		DF9A086628E58D5F0058202A /* SwiftUI Views */ = {
			isa = PBXGroup;
			children = (
				DF3C456A28D2A4E0002875D3 /* LoaderView.swift */,
				DF3C455A28D2A43F002875D3 /* ContentView.swift */,
				DFAAEEFB28D360DD002EDC43 /* HomeView.swift */,
			);
			path = "SwiftUI Views";
			sourceTree = "<group>";
		};
		DF9A086728E58D6E0058202A /* Helpers */ = {
			isa = PBXGroup;
			children = (
				DF3C456628D2A468002875D3 /* EnvironmentValues.swift */,
			);
			path = Helpers;
			sourceTree = "<group>";
		};
		DFF6EC1228F430920098AE0C /* Loader */ = {
			isa = PBXGroup;
			children = (
				DF9A086428E5839F0058202A /* AsyncOperation.swift */,
				DF9A086828E598990058202A /* ImageRequestOperation.swift */,
				DF3C456828D2A4AD002875D3 /* Loader.swift */,
				DF9A086028E582C80058202A /* CustomCacheManager.swift */,
			);
			path = Loader;
			sourceTree = "<group>";
		};
		DFFBAE1528FFEEC500AA73A8 /* MVVM */ = {
			isa = PBXGroup;
			children = (
				DFFBAE1628FFEEC500AA73A8 /* AppDelegate.swift */,
				DFFBAE1828FFEEC500AA73A8 /* SceneDelegate.swift */,
				DFFBAE1A28FFEEC500AA73A8 /* ViewController.swift */,
				DFFBAE1C28FFEEC500AA73A8 /* Main.storyboard */,
				DFFBAE1F28FFEEC700AA73A8 /* Assets.xcassets */,
				DFFBAE2128FFEEC700AA73A8 /* LaunchScreen.storyboard */,
				DFFBAE2428FFEEC700AA73A8 /* Info.plist */,
				DFFBAE4528FFF03300AA73A8 /* Callculator.swift */,
			);
			path = MVVM;
			sourceTree = "<group>";
		};
		DFFBAE2C28FFEEC800AA73A8 /* MVVMTests */ = {
			isa = PBXGroup;
			children = (
				DFFBAE2D28FFEEC800AA73A8 /* MVVMTests.swift */,
			);
			path = MVVMTests;
			sourceTree = "<group>";
		};
		DFFBAE3628FFEEC900AA73A8 /* MVVMUITests */ = {
			isa = PBXGroup;
			children = (
				DFFBAE3728FFEEC900AA73A8 /* MVVMUITests.swift */,
				DFFBAE3928FFEEC900AA73A8 /* MVVMUITestsLaunchTests.swift */,
			);
			path = MVVMUITests;
			sourceTree = "<group>";
		};
		DFFBAE512901476A00AA73A8 /* HomeTable */ = {
			isa = PBXGroup;
			children = (
				DF90287228ED845B007EDB01 /* ComicCell.swift */,
				DFFBAE54290147A600AA73A8 /* HomeTableView */,
				DFFBAE532901478500AA73A8 /* HomeTableViewModel */,
			);
			path = HomeTable;
			sourceTree = "<group>";
		};
		DFFBAE522901477800AA73A8 /* DetailScreenTable */ = {
			isa = PBXGroup;
			children = (
				DFC22C4A28F62CBC000B9444 /* DetailPresentation.swift */,
				DFC22C4C28F62FF5000B9444 /* DetailDataSource.swift */,
				DFFBAE56290147B800AA73A8 /* DetailScreenViewModel */,
				DFFBAE55290147B000AA73A8 /* DetailScreenView */,
			);
			path = DetailScreenTable;
			sourceTree = "<group>";
		};
		DFFBAE532901478500AA73A8 /* HomeTableViewModel */ = {
			isa = PBXGroup;
			children = (
				DFFBAE572901603F00AA73A8 /* HomeTableViewModel.swift */,
			);
			path = HomeTableViewModel;
			sourceTree = "<group>";
		};
		DFFBAE54290147A600AA73A8 /* HomeTableView */ = {
			isa = PBXGroup;
			children = (
				DF90286A28ED7ECB007EDB01 /* HomeTableViewController.swift */,
			);
			path = HomeTableView;
			sourceTree = "<group>";
		};
		DFFBAE55290147B000AA73A8 /* DetailScreenView */ = {
			isa = PBXGroup;
			children = (
				DFC22C4E28F630B8000B9444 /* NameTableViewCell.swift */,
				DFC22C5328F6D0B6000B9444 /* IssueNumberTableViewCell.swift */,
				DFC22C5128F6C620000B9444 /* BioTableViewCell.swift */,
				DF9A1D4228F880B20004A940 /* PageCountTableViewCell.swift */,
				DFC22C4828F57AC5000B9444 /* DetailViewController.swift */,
			);
			path = DetailScreenView;
			sourceTree = "<group>";
		};
		DFFBAE56290147B800AA73A8 /* DetailScreenViewModel */ = {
			isa = PBXGroup;
			children = (
				DFFBAE592901606200AA73A8 /* DetailViewModel.swift */,
				DFFB199629029BDF00E3238C /* NameTableCellViewModel.swift */,
			);
			path = DetailScreenViewModel;
			sourceTree = "<group>";
		};
/* End PBXGroup section */

/* Begin PBXNativeTarget section */
		DF3C455428D2A43F002875D3 /* LoaderPrototype5 */ = {
			isa = PBXNativeTarget;
			buildConfigurationList = DF3C456328D2A445002875D3 /* Build configuration list for PBXNativeTarget "LoaderPrototype5" */;
			buildPhases = (
				DF3C455128D2A43F002875D3 /* Sources */,
				DF3C455228D2A43F002875D3 /* Frameworks */,
				DF3C455328D2A43F002875D3 /* Resources */,
			);
			buildRules = (
			);
			dependencies = (
			);
			name = LoaderPrototype5;
			packageProductDependencies = (
				DF9A021328F48C91002E3D06 /* SDWebImage */,
				DF9A1D4728F985C20004A940 /* PureLayout */,
			);
			productName = LoaderPrototype5;
			productReference = DF3C455528D2A43F002875D3 /* LoaderPrototype5.app */;
			productType = "com.apple.product-type.application";
		};
		DF90282F28EC2E6A007EDB01 /* MarvelLoader */ = {
			isa = PBXNativeTarget;
			buildConfigurationList = DF90285728EC2E70007EDB01 /* Build configuration list for PBXNativeTarget "MarvelLoader" */;
			buildPhases = (
				DF90282C28EC2E6A007EDB01 /* Sources */,
				DF90282D28EC2E6A007EDB01 /* Frameworks */,
				DF90282E28EC2E6A007EDB01 /* Resources */,
			);
			buildRules = (
			);
			dependencies = (
			);
			name = MarvelLoader;
			packageProductDependencies = (
				DF5FFDDA28F48E64007D91B4 /* SDWebImage */,
				DF9A1D4928F985EF0004A940 /* PureLayout */,
			);
			productName = MarvelLoader;
			productReference = DF90283028EC2E6A007EDB01 /* MarvelLoader.app */;
			productType = "com.apple.product-type.application";
		};
		DF90284428EC2E70007EDB01 /* MarvelLoaderTests */ = {
			isa = PBXNativeTarget;
			buildConfigurationList = DF90285A28EC2E70007EDB01 /* Build configuration list for PBXNativeTarget "MarvelLoaderTests" */;
			buildPhases = (
				DF90284128EC2E70007EDB01 /* Sources */,
				DF90284228EC2E70007EDB01 /* Frameworks */,
				DF90284328EC2E70007EDB01 /* Resources */,
			);
			buildRules = (
			);
			dependencies = (
				DF90284728EC2E70007EDB01 /* PBXTargetDependency */,
			);
			name = MarvelLoaderTests;
			productName = MarvelLoaderTests;
			productReference = DF90284528EC2E70007EDB01 /* MarvelLoaderTests.xctest */;
			productType = "com.apple.product-type.bundle.unit-test";
		};
		DF90284E28EC2E70007EDB01 /* MarvelLoaderUITests */ = {
			isa = PBXNativeTarget;
			buildConfigurationList = DF90285D28EC2E70007EDB01 /* Build configuration list for PBXNativeTarget "MarvelLoaderUITests" */;
			buildPhases = (
				DF90284B28EC2E70007EDB01 /* Sources */,
				DF90284C28EC2E70007EDB01 /* Frameworks */,
				DF90284D28EC2E70007EDB01 /* Resources */,
			);
			buildRules = (
			);
			dependencies = (
				DF90285128EC2E70007EDB01 /* PBXTargetDependency */,
			);
			name = MarvelLoaderUITests;
			productName = MarvelLoaderUITests;
			productReference = DF90284F28EC2E70007EDB01 /* MarvelLoaderUITests.xctest */;
			productType = "com.apple.product-type.bundle.ui-testing";
		};
		DFFBAE1328FFEEC500AA73A8 /* MVVM */ = {
			isa = PBXNativeTarget;
			buildConfigurationList = DFFBAE4128FFEEC900AA73A8 /* Build configuration list for PBXNativeTarget "MVVM" */;
			buildPhases = (
				DFFBAE1028FFEEC500AA73A8 /* Sources */,
				DFFBAE1128FFEEC500AA73A8 /* Frameworks */,
				DFFBAE1228FFEEC500AA73A8 /* Resources */,
			);
			buildRules = (
			);
			dependencies = (
			);
			name = MVVM;
			productName = MVVM;
			productReference = DFFBAE1428FFEEC500AA73A8 /* MVVM.app */;
			productType = "com.apple.product-type.application";
		};
		DFFBAE2828FFEEC800AA73A8 /* MVVMTests */ = {
			isa = PBXNativeTarget;
			buildConfigurationList = DFFBAE4228FFEEC900AA73A8 /* Build configuration list for PBXNativeTarget "MVVMTests" */;
			buildPhases = (
				DFFBAE2528FFEEC800AA73A8 /* Sources */,
				DFFBAE2628FFEEC800AA73A8 /* Frameworks */,
				DFFBAE2728FFEEC800AA73A8 /* Resources */,
			);
			buildRules = (
			);
			dependencies = (
				DFFBAE2B28FFEEC800AA73A8 /* PBXTargetDependency */,
			);
			name = MVVMTests;
			productName = MVVMTests;
			productReference = DFFBAE2928FFEEC800AA73A8 /* MVVMTests.xctest */;
			productType = "com.apple.product-type.bundle.unit-test";
		};
		DFFBAE3228FFEEC800AA73A8 /* MVVMUITests */ = {
			isa = PBXNativeTarget;
			buildConfigurationList = DFFBAE4328FFEEC900AA73A8 /* Build configuration list for PBXNativeTarget "MVVMUITests" */;
			buildPhases = (
				DFFBAE2F28FFEEC800AA73A8 /* Sources */,
				DFFBAE3028FFEEC800AA73A8 /* Frameworks */,
				DFFBAE3128FFEEC800AA73A8 /* Resources */,
			);
			buildRules = (
			);
			dependencies = (
				DFFBAE3528FFEEC800AA73A8 /* PBXTargetDependency */,
			);
			name = MVVMUITests;
			productName = MVVMUITests;
			productReference = DFFBAE3328FFEEC800AA73A8 /* MVVMUITests.xctest */;
			productType = "com.apple.product-type.bundle.ui-testing";
		};
/* End PBXNativeTarget section */

/* Begin PBXProject section */
		DF3C454D28D2A43F002875D3 /* Project object */ = {
			isa = PBXProject;
			attributes = {
				BuildIndependentTargetsInParallel = 1;
				LastSwiftUpdateCheck = 1400;
				LastUpgradeCheck = 1400;
				TargetAttributes = {
					DF3C455428D2A43F002875D3 = {
						CreatedOnToolsVersion = 14.0;
					};
					DF90282F28EC2E6A007EDB01 = {
						CreatedOnToolsVersion = 14.0;
					};
					DF90284428EC2E70007EDB01 = {
						CreatedOnToolsVersion = 14.0;
						TestTargetID = DF90282F28EC2E6A007EDB01;
					};
					DF90284E28EC2E70007EDB01 = {
						CreatedOnToolsVersion = 14.0;
						TestTargetID = DF90282F28EC2E6A007EDB01;
					};
					DFFBAE1328FFEEC500AA73A8 = {
						CreatedOnToolsVersion = 14.0;
					};
					DFFBAE2828FFEEC800AA73A8 = {
						CreatedOnToolsVersion = 14.0;
						TestTargetID = DFFBAE1328FFEEC500AA73A8;
					};
					DFFBAE3228FFEEC800AA73A8 = {
						CreatedOnToolsVersion = 14.0;
						TestTargetID = DFFBAE1328FFEEC500AA73A8;
					};
				};
			};
			buildConfigurationList = DF3C455028D2A43F002875D3 /* Build configuration list for PBXProject "LoaderPrototype5" */;
			compatibilityVersion = "Xcode 14.0";
			developmentRegion = en;
			hasScannedForEncodings = 0;
			knownRegions = (
				en,
				Base,
			);
			mainGroup = DF3C454C28D2A43F002875D3;
			packageReferences = (
				DF9A021228F48C91002E3D06 /* XCRemoteSwiftPackageReference "SDWebImage" */,
				DF9A1D4628F985C20004A940 /* XCRemoteSwiftPackageReference "PureLayout" */,
			);
			productRefGroup = DF3C455628D2A43F002875D3 /* Products */;
			projectDirPath = "";
			projectRoot = "";
			targets = (
				DF3C455428D2A43F002875D3 /* LoaderPrototype5 */,
				DF90282F28EC2E6A007EDB01 /* MarvelLoader */,
				DF90284428EC2E70007EDB01 /* MarvelLoaderTests */,
				DF90284E28EC2E70007EDB01 /* MarvelLoaderUITests */,
				DFFBAE1328FFEEC500AA73A8 /* MVVM */,
				DFFBAE2828FFEEC800AA73A8 /* MVVMTests */,
				DFFBAE3228FFEEC800AA73A8 /* MVVMUITests */,
			);
		};
/* End PBXProject section */

/* Begin PBXResourcesBuildPhase section */
		DF3C455328D2A43F002875D3 /* Resources */ = {
			isa = PBXResourcesBuildPhase;
			buildActionMask = 2147483647;
			files = (
				DF3C456028D2A445002875D3 /* Preview Assets.xcassets in Resources */,
				DF3C455D28D2A445002875D3 /* Assets.xcassets in Resources */,
			);
			runOnlyForDeploymentPostprocessing = 0;
		};
		DF90282E28EC2E6A007EDB01 /* Resources */ = {
			isa = PBXResourcesBuildPhase;
			buildActionMask = 2147483647;
			files = (
				DF90283F28EC2E6F007EDB01 /* LaunchScreen.storyboard in Resources */,
				DF90283C28EC2E6F007EDB01 /* Assets.xcassets in Resources */,
			);
			runOnlyForDeploymentPostprocessing = 0;
		};
		DF90284328EC2E70007EDB01 /* Resources */ = {
			isa = PBXResourcesBuildPhase;
			buildActionMask = 2147483647;
			files = (
			);
			runOnlyForDeploymentPostprocessing = 0;
		};
		DF90284D28EC2E70007EDB01 /* Resources */ = {
			isa = PBXResourcesBuildPhase;
			buildActionMask = 2147483647;
			files = (
			);
			runOnlyForDeploymentPostprocessing = 0;
		};
		DFFBAE1228FFEEC500AA73A8 /* Resources */ = {
			isa = PBXResourcesBuildPhase;
			buildActionMask = 2147483647;
			files = (
				DFFBAE2328FFEEC700AA73A8 /* LaunchScreen.storyboard in Resources */,
				DFFBAE2028FFEEC700AA73A8 /* Assets.xcassets in Resources */,
				DFFBAE1E28FFEEC500AA73A8 /* Main.storyboard in Resources */,
			);
			runOnlyForDeploymentPostprocessing = 0;
		};
		DFFBAE2728FFEEC800AA73A8 /* Resources */ = {
			isa = PBXResourcesBuildPhase;
			buildActionMask = 2147483647;
			files = (
			);
			runOnlyForDeploymentPostprocessing = 0;
		};
		DFFBAE3128FFEEC800AA73A8 /* Resources */ = {
			isa = PBXResourcesBuildPhase;
			buildActionMask = 2147483647;
			files = (
			);
			runOnlyForDeploymentPostprocessing = 0;
		};
/* End PBXResourcesBuildPhase section */

/* Begin PBXSourcesBuildPhase section */
		DF3C455128D2A43F002875D3 /* Sources */ = {
			isa = PBXSourcesBuildPhase;
			buildActionMask = 2147483647;
			files = (
				DFF6EC1328F435550098AE0C /* Posters.swift in Sources */,
				DF3C455B28D2A43F002875D3 /* ContentView.swift in Sources */,
				DFF6EC0F28F4257B0098AE0C /* LoaderView.swift in Sources */,
				DFAAEEFC28D360DD002EDC43 /* HomeView.swift in Sources */,
				DF3C455928D2A43F002875D3 /* LoaderPrototype5App.swift in Sources */,
			);
			runOnlyForDeploymentPostprocessing = 0;
		};
		DF90282C28EC2E6A007EDB01 /* Sources */ = {
			isa = PBXSourcesBuildPhase;
			buildActionMask = 2147483647;
			files = (
				DFC22C5428F6D0B6000B9444 /* IssueNumberTableViewCell.swift in Sources */,
				DFC22C4928F57AC5000B9444 /* DetailViewController.swift in Sources */,
				DF90286B28ED7ECB007EDB01 /* HomeTableViewController.swift in Sources */,
				DFC22C4B28F62CBC000B9444 /* DetailPresentation.swift in Sources */,
				DFC22C4D28F62FF5000B9444 /* DetailDataSource.swift in Sources */,
				DF90287528ED8DF2007EDB01 /* ComicBookBaseData.swift in Sources */,
				DF90283328EC2E6A007EDB01 /* AppDelegate.swift in Sources */,
				DFFBAE5A2901606200AA73A8 /* DetailViewModel.swift in Sources */,
				DFC22C4F28F630B8000B9444 /* NameTableViewCell.swift in Sources */,
				DFFBAE582901603F00AA73A8 /* HomeTableViewModel.swift in Sources */,
				DF90283528EC2E6A007EDB01 /* SceneDelegate.swift in Sources */,
				DFFB199729029BDF00E3238C /* NameTableCellViewModel.swift in Sources */,
				DF9A1D4528F957D10004A940 /* Protocols.swift in Sources */,
				DFFBAE502901473600AA73A8 /* Thumbnail.swift in Sources */,
				DF90287928EDB1C7007EDB01 /* EnvironmentValues.swift in Sources */,
				DF90287B28EDB331007EDB01 /* ImageRequestOperation.swift in Sources */,
				DF90287C28EDB331007EDB01 /* CustomCacheManager.swift in Sources */,
				DF90287328ED845B007EDB01 /* ComicCell.swift in Sources */,
				DFFBAE4C2901471400AA73A8 /* ComicBookData.swift in Sources */,
				DFF6EC0E28EF0C320098AE0C /* Credentials.swift in Sources */,
				DFFBAE4E2901472400AA73A8 /* Comic.swift in Sources */,
				DF90287A28EDB331007EDB01 /* AsyncOperation.swift in Sources */,
				DFC22C5228F6C620000B9444 /* BioTableViewCell.swift in Sources */,
				DF9A1D4328F880B20004A940 /* PageCountTableViewCell.swift in Sources */,
				DF90287728EDB158007EDB01 /* Loader.swift in Sources */,
			);
			runOnlyForDeploymentPostprocessing = 0;
		};
		DF90284128EC2E70007EDB01 /* Sources */ = {
			isa = PBXSourcesBuildPhase;
			buildActionMask = 2147483647;
			files = (
			);
			runOnlyForDeploymentPostprocessing = 0;
		};
		DF90284B28EC2E70007EDB01 /* Sources */ = {
			isa = PBXSourcesBuildPhase;
			buildActionMask = 2147483647;
			files = (
			);
			runOnlyForDeploymentPostprocessing = 0;
		};
		DFFBAE1028FFEEC500AA73A8 /* Sources */ = {
			isa = PBXSourcesBuildPhase;
			buildActionMask = 2147483647;
			files = (
				DFFBAE1B28FFEEC500AA73A8 /* ViewController.swift in Sources */,
				DFFBAE1728FFEEC500AA73A8 /* AppDelegate.swift in Sources */,
				DFFBAE4628FFF03300AA73A8 /* Callculator.swift in Sources */,
				DFFBAE1928FFEEC500AA73A8 /* SceneDelegate.swift in Sources */,
			);
			runOnlyForDeploymentPostprocessing = 0;
		};
		DFFBAE2528FFEEC800AA73A8 /* Sources */ = {
			isa = PBXSourcesBuildPhase;
			buildActionMask = 2147483647;
			files = (
				DFFBAE4428FFEF0500AA73A8 /* ViewController.swift in Sources */,
				DFFBAE2E28FFEEC800AA73A8 /* MVVMTests.swift in Sources */,
				DFFBAE4728FFF03300AA73A8 /* Callculator.swift in Sources */,
			);
			runOnlyForDeploymentPostprocessing = 0;
		};
		DFFBAE2F28FFEEC800AA73A8 /* Sources */ = {
			isa = PBXSourcesBuildPhase;
			buildActionMask = 2147483647;
			files = (
				DFFBAE3A28FFEEC900AA73A8 /* MVVMUITestsLaunchTests.swift in Sources */,
				DFFBAE3828FFEEC900AA73A8 /* MVVMUITests.swift in Sources */,
			);
			runOnlyForDeploymentPostprocessing = 0;
		};
/* End PBXSourcesBuildPhase section */

/* Begin PBXTargetDependency section */
		DF90284728EC2E70007EDB01 /* PBXTargetDependency */ = {
			isa = PBXTargetDependency;
			target = DF90282F28EC2E6A007EDB01 /* MarvelLoader */;
			targetProxy = DF90284628EC2E70007EDB01 /* PBXContainerItemProxy */;
		};
		DF90285128EC2E70007EDB01 /* PBXTargetDependency */ = {
			isa = PBXTargetDependency;
			target = DF90282F28EC2E6A007EDB01 /* MarvelLoader */;
			targetProxy = DF90285028EC2E70007EDB01 /* PBXContainerItemProxy */;
		};
		DFFBAE2B28FFEEC800AA73A8 /* PBXTargetDependency */ = {
			isa = PBXTargetDependency;
			target = DFFBAE1328FFEEC500AA73A8 /* MVVM */;
			targetProxy = DFFBAE2A28FFEEC800AA73A8 /* PBXContainerItemProxy */;
		};
		DFFBAE3528FFEEC800AA73A8 /* PBXTargetDependency */ = {
			isa = PBXTargetDependency;
			target = DFFBAE1328FFEEC500AA73A8 /* MVVM */;
			targetProxy = DFFBAE3428FFEEC800AA73A8 /* PBXContainerItemProxy */;
		};
/* End PBXTargetDependency section */

/* Begin PBXVariantGroup section */
		DF90283D28EC2E6F007EDB01 /* LaunchScreen.storyboard */ = {
			isa = PBXVariantGroup;
			children = (
				DF90283E28EC2E6F007EDB01 /* Base */,
			);
			name = LaunchScreen.storyboard;
			sourceTree = "<group>";
		};
		DFFBAE1C28FFEEC500AA73A8 /* Main.storyboard */ = {
			isa = PBXVariantGroup;
			children = (
				DFFBAE1D28FFEEC500AA73A8 /* Base */,
			);
			name = Main.storyboard;
			sourceTree = "<group>";
		};
		DFFBAE2128FFEEC700AA73A8 /* LaunchScreen.storyboard */ = {
			isa = PBXVariantGroup;
			children = (
				DFFBAE2228FFEEC700AA73A8 /* Base */,
			);
			name = LaunchScreen.storyboard;
			sourceTree = "<group>";
		};
/* End PBXVariantGroup section */

/* Begin XCBuildConfiguration section */
		DF3C456128D2A445002875D3 /* Debug */ = {
			isa = XCBuildConfiguration;
			buildSettings = {
				ALWAYS_SEARCH_USER_PATHS = NO;
				CLANG_ANALYZER_NONNULL = YES;
				CLANG_ANALYZER_NUMBER_OBJECT_CONVERSION = YES_AGGRESSIVE;
				CLANG_CXX_LANGUAGE_STANDARD = "gnu++20";
				CLANG_ENABLE_MODULES = YES;
				CLANG_ENABLE_OBJC_ARC = YES;
				CLANG_ENABLE_OBJC_WEAK = YES;
				CLANG_WARN_BLOCK_CAPTURE_AUTORELEASING = YES;
				CLANG_WARN_BOOL_CONVERSION = YES;
				CLANG_WARN_COMMA = YES;
				CLANG_WARN_CONSTANT_CONVERSION = YES;
				CLANG_WARN_DEPRECATED_OBJC_IMPLEMENTATIONS = YES;
				CLANG_WARN_DIRECT_OBJC_ISA_USAGE = YES_ERROR;
				CLANG_WARN_DOCUMENTATION_COMMENTS = YES;
				CLANG_WARN_EMPTY_BODY = YES;
				CLANG_WARN_ENUM_CONVERSION = YES;
				CLANG_WARN_INFINITE_RECURSION = YES;
				CLANG_WARN_INT_CONVERSION = YES;
				CLANG_WARN_NON_LITERAL_NULL_CONVERSION = YES;
				CLANG_WARN_OBJC_IMPLICIT_RETAIN_SELF = YES;
				CLANG_WARN_OBJC_LITERAL_CONVERSION = YES;
				CLANG_WARN_OBJC_ROOT_CLASS = YES_ERROR;
				CLANG_WARN_QUOTED_INCLUDE_IN_FRAMEWORK_HEADER = YES;
				CLANG_WARN_RANGE_LOOP_ANALYSIS = YES;
				CLANG_WARN_STRICT_PROTOTYPES = YES;
				CLANG_WARN_SUSPICIOUS_MOVE = YES;
				CLANG_WARN_UNGUARDED_AVAILABILITY = YES_AGGRESSIVE;
				CLANG_WARN_UNREACHABLE_CODE = YES;
				CLANG_WARN__DUPLICATE_METHOD_MATCH = YES;
				COPY_PHASE_STRIP = NO;
				DEBUG_INFORMATION_FORMAT = dwarf;
				ENABLE_STRICT_OBJC_MSGSEND = YES;
				ENABLE_TESTABILITY = YES;
				GCC_C_LANGUAGE_STANDARD = gnu11;
				GCC_DYNAMIC_NO_PIC = NO;
				GCC_NO_COMMON_BLOCKS = YES;
				GCC_OPTIMIZATION_LEVEL = 0;
				GCC_PREPROCESSOR_DEFINITIONS = (
					"DEBUG=1",
					"$(inherited)",
				);
				GCC_WARN_64_TO_32_BIT_CONVERSION = YES;
				GCC_WARN_ABOUT_RETURN_TYPE = YES_ERROR;
				GCC_WARN_UNDECLARED_SELECTOR = YES;
				GCC_WARN_UNINITIALIZED_AUTOS = YES_AGGRESSIVE;
				GCC_WARN_UNUSED_FUNCTION = YES;
				GCC_WARN_UNUSED_VARIABLE = YES;
				IPHONEOS_DEPLOYMENT_TARGET = 16.0;
				MTL_ENABLE_DEBUG_INFO = INCLUDE_SOURCE;
				MTL_FAST_MATH = YES;
				ONLY_ACTIVE_ARCH = YES;
				SDKROOT = iphoneos;
				SWIFT_ACTIVE_COMPILATION_CONDITIONS = DEBUG;
				SWIFT_OPTIMIZATION_LEVEL = "-Onone";
			};
			name = Debug;
		};
		DF3C456228D2A445002875D3 /* Release */ = {
			isa = XCBuildConfiguration;
			buildSettings = {
				ALWAYS_SEARCH_USER_PATHS = NO;
				CLANG_ANALYZER_NONNULL = YES;
				CLANG_ANALYZER_NUMBER_OBJECT_CONVERSION = YES_AGGRESSIVE;
				CLANG_CXX_LANGUAGE_STANDARD = "gnu++20";
				CLANG_ENABLE_MODULES = YES;
				CLANG_ENABLE_OBJC_ARC = YES;
				CLANG_ENABLE_OBJC_WEAK = YES;
				CLANG_WARN_BLOCK_CAPTURE_AUTORELEASING = YES;
				CLANG_WARN_BOOL_CONVERSION = YES;
				CLANG_WARN_COMMA = YES;
				CLANG_WARN_CONSTANT_CONVERSION = YES;
				CLANG_WARN_DEPRECATED_OBJC_IMPLEMENTATIONS = YES;
				CLANG_WARN_DIRECT_OBJC_ISA_USAGE = YES_ERROR;
				CLANG_WARN_DOCUMENTATION_COMMENTS = YES;
				CLANG_WARN_EMPTY_BODY = YES;
				CLANG_WARN_ENUM_CONVERSION = YES;
				CLANG_WARN_INFINITE_RECURSION = YES;
				CLANG_WARN_INT_CONVERSION = YES;
				CLANG_WARN_NON_LITERAL_NULL_CONVERSION = YES;
				CLANG_WARN_OBJC_IMPLICIT_RETAIN_SELF = YES;
				CLANG_WARN_OBJC_LITERAL_CONVERSION = YES;
				CLANG_WARN_OBJC_ROOT_CLASS = YES_ERROR;
				CLANG_WARN_QUOTED_INCLUDE_IN_FRAMEWORK_HEADER = YES;
				CLANG_WARN_RANGE_LOOP_ANALYSIS = YES;
				CLANG_WARN_STRICT_PROTOTYPES = YES;
				CLANG_WARN_SUSPICIOUS_MOVE = YES;
				CLANG_WARN_UNGUARDED_AVAILABILITY = YES_AGGRESSIVE;
				CLANG_WARN_UNREACHABLE_CODE = YES;
				CLANG_WARN__DUPLICATE_METHOD_MATCH = YES;
				COPY_PHASE_STRIP = NO;
				DEBUG_INFORMATION_FORMAT = "dwarf-with-dsym";
				ENABLE_NS_ASSERTIONS = NO;
				ENABLE_STRICT_OBJC_MSGSEND = YES;
				GCC_C_LANGUAGE_STANDARD = gnu11;
				GCC_NO_COMMON_BLOCKS = YES;
				GCC_WARN_64_TO_32_BIT_CONVERSION = YES;
				GCC_WARN_ABOUT_RETURN_TYPE = YES_ERROR;
				GCC_WARN_UNDECLARED_SELECTOR = YES;
				GCC_WARN_UNINITIALIZED_AUTOS = YES_AGGRESSIVE;
				GCC_WARN_UNUSED_FUNCTION = YES;
				GCC_WARN_UNUSED_VARIABLE = YES;
				IPHONEOS_DEPLOYMENT_TARGET = 16.0;
				MTL_ENABLE_DEBUG_INFO = NO;
				MTL_FAST_MATH = YES;
				SDKROOT = iphoneos;
				SWIFT_COMPILATION_MODE = wholemodule;
				SWIFT_OPTIMIZATION_LEVEL = "-O";
				VALIDATE_PRODUCT = YES;
			};
			name = Release;
		};
		DF3C456428D2A445002875D3 /* Debug */ = {
			isa = XCBuildConfiguration;
			buildSettings = {
				ASSETCATALOG_COMPILER_APPICON_NAME = AppIcon;
				ASSETCATALOG_COMPILER_GLOBAL_ACCENT_COLOR_NAME = AccentColor;
				CODE_SIGN_STYLE = Automatic;
				CURRENT_PROJECT_VERSION = 1;
				DEVELOPMENT_ASSET_PATHS = "\"LoaderPrototype5/Preview Content\"";
				DEVELOPMENT_TEAM = Z8B97J6V7K;
				ENABLE_PREVIEWS = YES;
				GENERATE_INFOPLIST_FILE = YES;
				INFOPLIST_KEY_UIApplicationSceneManifest_Generation = YES;
				INFOPLIST_KEY_UIApplicationSupportsIndirectInputEvents = YES;
				INFOPLIST_KEY_UILaunchScreen_Generation = YES;
				INFOPLIST_KEY_UISupportedInterfaceOrientations_iPad = "UIInterfaceOrientationPortrait UIInterfaceOrientationPortraitUpsideDown UIInterfaceOrientationLandscapeLeft UIInterfaceOrientationLandscapeRight";
				INFOPLIST_KEY_UISupportedInterfaceOrientations_iPhone = "UIInterfaceOrientationPortrait UIInterfaceOrientationLandscapeLeft UIInterfaceOrientationLandscapeRight";
				LD_RUNPATH_SEARCH_PATHS = (
					"$(inherited)",
					"@executable_path/Frameworks",
				);
				MARKETING_VERSION = 1.0;
				PRODUCT_BUNDLE_IDENTIFIER = "lukalesic20-gmail.com.LoaderPrototype5";
				PRODUCT_NAME = "$(TARGET_NAME)";
				SWIFT_EMIT_LOC_STRINGS = YES;
				SWIFT_VERSION = 5.0;
				TARGETED_DEVICE_FAMILY = "1,2";
			};
			name = Debug;
		};
		DF3C456528D2A445002875D3 /* Release */ = {
			isa = XCBuildConfiguration;
			buildSettings = {
				ASSETCATALOG_COMPILER_APPICON_NAME = AppIcon;
				ASSETCATALOG_COMPILER_GLOBAL_ACCENT_COLOR_NAME = AccentColor;
				CODE_SIGN_STYLE = Automatic;
				CURRENT_PROJECT_VERSION = 1;
				DEVELOPMENT_ASSET_PATHS = "\"LoaderPrototype5/Preview Content\"";
				DEVELOPMENT_TEAM = Z8B97J6V7K;
				ENABLE_PREVIEWS = YES;
				GENERATE_INFOPLIST_FILE = YES;
				INFOPLIST_KEY_UIApplicationSceneManifest_Generation = YES;
				INFOPLIST_KEY_UIApplicationSupportsIndirectInputEvents = YES;
				INFOPLIST_KEY_UILaunchScreen_Generation = YES;
				INFOPLIST_KEY_UISupportedInterfaceOrientations_iPad = "UIInterfaceOrientationPortrait UIInterfaceOrientationPortraitUpsideDown UIInterfaceOrientationLandscapeLeft UIInterfaceOrientationLandscapeRight";
				INFOPLIST_KEY_UISupportedInterfaceOrientations_iPhone = "UIInterfaceOrientationPortrait UIInterfaceOrientationLandscapeLeft UIInterfaceOrientationLandscapeRight";
				LD_RUNPATH_SEARCH_PATHS = (
					"$(inherited)",
					"@executable_path/Frameworks",
				);
				MARKETING_VERSION = 1.0;
				PRODUCT_BUNDLE_IDENTIFIER = "lukalesic20-gmail.com.LoaderPrototype5";
				PRODUCT_NAME = "$(TARGET_NAME)";
				SWIFT_EMIT_LOC_STRINGS = YES;
				SWIFT_VERSION = 5.0;
				TARGETED_DEVICE_FAMILY = "1,2";
			};
			name = Release;
		};
		DF90285828EC2E70007EDB01 /* Debug */ = {
			isa = XCBuildConfiguration;
			buildSettings = {
				ASSETCATALOG_COMPILER_APPICON_NAME = AppIcon;
				ASSETCATALOG_COMPILER_GLOBAL_ACCENT_COLOR_NAME = AccentColor;
				CODE_SIGN_STYLE = Automatic;
				CURRENT_PROJECT_VERSION = 1;
				DEVELOPMENT_TEAM = VZF9RCF35Y;
				GENERATE_INFOPLIST_FILE = YES;
				INFOPLIST_FILE = MarvelLoader/Info.plist;
				INFOPLIST_KEY_UIApplicationSupportsIndirectInputEvents = YES;
				INFOPLIST_KEY_UILaunchStoryboardName = LaunchScreen;
				INFOPLIST_KEY_UISupportedInterfaceOrientations_iPad = "UIInterfaceOrientationPortrait UIInterfaceOrientationPortraitUpsideDown UIInterfaceOrientationLandscapeLeft UIInterfaceOrientationLandscapeRight";
				INFOPLIST_KEY_UISupportedInterfaceOrientations_iPhone = "UIInterfaceOrientationPortrait UIInterfaceOrientationLandscapeLeft UIInterfaceOrientationLandscapeRight";
				IPHONEOS_DEPLOYMENT_TARGET = 15.5;
				LD_RUNPATH_SEARCH_PATHS = (
					"$(inherited)",
					"@executable_path/Frameworks",
				);
				MARKETING_VERSION = 1.0;
				PRODUCT_BUNDLE_IDENTIFIER = lukalesicsmb.MarvelLoader;
				PRODUCT_NAME = "$(TARGET_NAME)";
				SWIFT_EMIT_LOC_STRINGS = YES;
				SWIFT_VERSION = 5.0;
				TARGETED_DEVICE_FAMILY = "1,2";
			};
			name = Debug;
		};
		DF90285928EC2E70007EDB01 /* Release */ = {
			isa = XCBuildConfiguration;
			buildSettings = {
				ASSETCATALOG_COMPILER_APPICON_NAME = AppIcon;
				ASSETCATALOG_COMPILER_GLOBAL_ACCENT_COLOR_NAME = AccentColor;
				CODE_SIGN_STYLE = Automatic;
				CURRENT_PROJECT_VERSION = 1;
				DEVELOPMENT_TEAM = VZF9RCF35Y;
				GENERATE_INFOPLIST_FILE = YES;
				INFOPLIST_FILE = MarvelLoader/Info.plist;
				INFOPLIST_KEY_UIApplicationSupportsIndirectInputEvents = YES;
				INFOPLIST_KEY_UILaunchStoryboardName = LaunchScreen;
				INFOPLIST_KEY_UISupportedInterfaceOrientations_iPad = "UIInterfaceOrientationPortrait UIInterfaceOrientationPortraitUpsideDown UIInterfaceOrientationLandscapeLeft UIInterfaceOrientationLandscapeRight";
				INFOPLIST_KEY_UISupportedInterfaceOrientations_iPhone = "UIInterfaceOrientationPortrait UIInterfaceOrientationLandscapeLeft UIInterfaceOrientationLandscapeRight";
				IPHONEOS_DEPLOYMENT_TARGET = 15.5;
				LD_RUNPATH_SEARCH_PATHS = (
					"$(inherited)",
					"@executable_path/Frameworks",
				);
				MARKETING_VERSION = 1.0;
				PRODUCT_BUNDLE_IDENTIFIER = lukalesicsmb.MarvelLoader;
				PRODUCT_NAME = "$(TARGET_NAME)";
				SWIFT_EMIT_LOC_STRINGS = YES;
				SWIFT_VERSION = 5.0;
				TARGETED_DEVICE_FAMILY = "1,2";
			};
			name = Release;
		};
		DF90285B28EC2E70007EDB01 /* Debug */ = {
			isa = XCBuildConfiguration;
			buildSettings = {
				ALWAYS_EMBED_SWIFT_STANDARD_LIBRARIES = YES;
				BUNDLE_LOADER = "$(TEST_HOST)";
				CODE_SIGN_STYLE = Automatic;
				CURRENT_PROJECT_VERSION = 1;
				GENERATE_INFOPLIST_FILE = YES;
				IPHONEOS_DEPLOYMENT_TARGET = 16.0;
				MARKETING_VERSION = 1.0;
				PRODUCT_BUNDLE_IDENTIFIER = lukalesic.MarvelLoaderTests;
				PRODUCT_NAME = "$(TARGET_NAME)";
				SWIFT_EMIT_LOC_STRINGS = NO;
				SWIFT_VERSION = 5.0;
				TARGETED_DEVICE_FAMILY = "1,2";
				TEST_HOST = "$(BUILT_PRODUCTS_DIR)/MarvelLoader.app/$(BUNDLE_EXECUTABLE_FOLDER_PATH)/MarvelLoader";
			};
			name = Debug;
		};
		DF90285C28EC2E70007EDB01 /* Release */ = {
			isa = XCBuildConfiguration;
			buildSettings = {
				ALWAYS_EMBED_SWIFT_STANDARD_LIBRARIES = YES;
				BUNDLE_LOADER = "$(TEST_HOST)";
				CODE_SIGN_STYLE = Automatic;
				CURRENT_PROJECT_VERSION = 1;
				GENERATE_INFOPLIST_FILE = YES;
				IPHONEOS_DEPLOYMENT_TARGET = 16.0;
				MARKETING_VERSION = 1.0;
				PRODUCT_BUNDLE_IDENTIFIER = lukalesic.MarvelLoaderTests;
				PRODUCT_NAME = "$(TARGET_NAME)";
				SWIFT_EMIT_LOC_STRINGS = NO;
				SWIFT_VERSION = 5.0;
				TARGETED_DEVICE_FAMILY = "1,2";
				TEST_HOST = "$(BUILT_PRODUCTS_DIR)/MarvelLoader.app/$(BUNDLE_EXECUTABLE_FOLDER_PATH)/MarvelLoader";
			};
			name = Release;
		};
		DF90285E28EC2E70007EDB01 /* Debug */ = {
			isa = XCBuildConfiguration;
			buildSettings = {
				ALWAYS_EMBED_SWIFT_STANDARD_LIBRARIES = YES;
				CODE_SIGN_STYLE = Automatic;
				CURRENT_PROJECT_VERSION = 1;
				GENERATE_INFOPLIST_FILE = YES;
				MARKETING_VERSION = 1.0;
				PRODUCT_BUNDLE_IDENTIFIER = lukalesic.MarvelLoaderUITests;
				PRODUCT_NAME = "$(TARGET_NAME)";
				SWIFT_EMIT_LOC_STRINGS = NO;
				SWIFT_VERSION = 5.0;
				TARGETED_DEVICE_FAMILY = "1,2";
				TEST_TARGET_NAME = MarvelLoader;
			};
			name = Debug;
		};
		DF90285F28EC2E70007EDB01 /* Release */ = {
			isa = XCBuildConfiguration;
			buildSettings = {
				ALWAYS_EMBED_SWIFT_STANDARD_LIBRARIES = YES;
				CODE_SIGN_STYLE = Automatic;
				CURRENT_PROJECT_VERSION = 1;
				GENERATE_INFOPLIST_FILE = YES;
				MARKETING_VERSION = 1.0;
				PRODUCT_BUNDLE_IDENTIFIER = lukalesic.MarvelLoaderUITests;
				PRODUCT_NAME = "$(TARGET_NAME)";
				SWIFT_EMIT_LOC_STRINGS = NO;
				SWIFT_VERSION = 5.0;
				TARGETED_DEVICE_FAMILY = "1,2";
				TEST_TARGET_NAME = MarvelLoader;
			};
			name = Release;
		};
		DFFBAE3B28FFEEC900AA73A8 /* Debug */ = {
			isa = XCBuildConfiguration;
			buildSettings = {
				ASSETCATALOG_COMPILER_APPICON_NAME = AppIcon;
				ASSETCATALOG_COMPILER_GLOBAL_ACCENT_COLOR_NAME = AccentColor;
				CODE_SIGN_STYLE = Automatic;
				CURRENT_PROJECT_VERSION = 1;
				GENERATE_INFOPLIST_FILE = YES;
				INFOPLIST_FILE = MVVM/Info.plist;
				INFOPLIST_KEY_UIApplicationSupportsIndirectInputEvents = YES;
				INFOPLIST_KEY_UILaunchStoryboardName = LaunchScreen;
				INFOPLIST_KEY_UIMainStoryboardFile = Main;
				INFOPLIST_KEY_UISupportedInterfaceOrientations_iPad = "UIInterfaceOrientationPortrait UIInterfaceOrientationPortraitUpsideDown UIInterfaceOrientationLandscapeLeft UIInterfaceOrientationLandscapeRight";
				INFOPLIST_KEY_UISupportedInterfaceOrientations_iPhone = "UIInterfaceOrientationPortrait UIInterfaceOrientationLandscapeLeft UIInterfaceOrientationLandscapeRight";
				LD_RUNPATH_SEARCH_PATHS = (
					"$(inherited)",
					"@executable_path/Frameworks",
				);
				MARKETING_VERSION = 1.0;
				PRODUCT_BUNDLE_IDENTIFIER = lukalesic.MVVM;
				PRODUCT_NAME = "$(TARGET_NAME)";
				SWIFT_EMIT_LOC_STRINGS = YES;
				SWIFT_VERSION = 5.0;
				TARGETED_DEVICE_FAMILY = "1,2";
			};
			name = Debug;
		};
		DFFBAE3C28FFEEC900AA73A8 /* Release */ = {
			isa = XCBuildConfiguration;
			buildSettings = {
				ASSETCATALOG_COMPILER_APPICON_NAME = AppIcon;
				ASSETCATALOG_COMPILER_GLOBAL_ACCENT_COLOR_NAME = AccentColor;
				CODE_SIGN_STYLE = Automatic;
				CURRENT_PROJECT_VERSION = 1;
				GENERATE_INFOPLIST_FILE = YES;
				INFOPLIST_FILE = MVVM/Info.plist;
				INFOPLIST_KEY_UIApplicationSupportsIndirectInputEvents = YES;
				INFOPLIST_KEY_UILaunchStoryboardName = LaunchScreen;
				INFOPLIST_KEY_UIMainStoryboardFile = Main;
				INFOPLIST_KEY_UISupportedInterfaceOrientations_iPad = "UIInterfaceOrientationPortrait UIInterfaceOrientationPortraitUpsideDown UIInterfaceOrientationLandscapeLeft UIInterfaceOrientationLandscapeRight";
				INFOPLIST_KEY_UISupportedInterfaceOrientations_iPhone = "UIInterfaceOrientationPortrait UIInterfaceOrientationLandscapeLeft UIInterfaceOrientationLandscapeRight";
				LD_RUNPATH_SEARCH_PATHS = (
					"$(inherited)",
					"@executable_path/Frameworks",
				);
				MARKETING_VERSION = 1.0;
				PRODUCT_BUNDLE_IDENTIFIER = lukalesic.MVVM;
				PRODUCT_NAME = "$(TARGET_NAME)";
				SWIFT_EMIT_LOC_STRINGS = YES;
				SWIFT_VERSION = 5.0;
				TARGETED_DEVICE_FAMILY = "1,2";
			};
			name = Release;
		};
		DFFBAE3D28FFEEC900AA73A8 /* Debug */ = {
			isa = XCBuildConfiguration;
			buildSettings = {
				ALWAYS_EMBED_SWIFT_STANDARD_LIBRARIES = YES;
				BUNDLE_LOADER = "$(TEST_HOST)";
				CODE_SIGN_STYLE = Automatic;
				CURRENT_PROJECT_VERSION = 1;
				GENERATE_INFOPLIST_FILE = YES;
				IPHONEOS_DEPLOYMENT_TARGET = 16.0;
				MARKETING_VERSION = 1.0;
				PRODUCT_BUNDLE_IDENTIFIER = lukalesic.MVVMTests;
				PRODUCT_NAME = "$(TARGET_NAME)";
				SWIFT_EMIT_LOC_STRINGS = NO;
				SWIFT_VERSION = 5.0;
				TARGETED_DEVICE_FAMILY = "1,2";
				TEST_HOST = "$(BUILT_PRODUCTS_DIR)/MVVM.app/$(BUNDLE_EXECUTABLE_FOLDER_PATH)/MVVM";
			};
			name = Debug;
		};
		DFFBAE3E28FFEEC900AA73A8 /* Release */ = {
			isa = XCBuildConfiguration;
			buildSettings = {
				ALWAYS_EMBED_SWIFT_STANDARD_LIBRARIES = YES;
				BUNDLE_LOADER = "$(TEST_HOST)";
				CODE_SIGN_STYLE = Automatic;
				CURRENT_PROJECT_VERSION = 1;
				GENERATE_INFOPLIST_FILE = YES;
				IPHONEOS_DEPLOYMENT_TARGET = 16.0;
				MARKETING_VERSION = 1.0;
				PRODUCT_BUNDLE_IDENTIFIER = lukalesic.MVVMTests;
				PRODUCT_NAME = "$(TARGET_NAME)";
				SWIFT_EMIT_LOC_STRINGS = NO;
				SWIFT_VERSION = 5.0;
				TARGETED_DEVICE_FAMILY = "1,2";
				TEST_HOST = "$(BUILT_PRODUCTS_DIR)/MVVM.app/$(BUNDLE_EXECUTABLE_FOLDER_PATH)/MVVM";
			};
			name = Release;
		};
		DFFBAE3F28FFEEC900AA73A8 /* Debug */ = {
			isa = XCBuildConfiguration;
			buildSettings = {
				ALWAYS_EMBED_SWIFT_STANDARD_LIBRARIES = YES;
				CODE_SIGN_STYLE = Automatic;
				CURRENT_PROJECT_VERSION = 1;
				GENERATE_INFOPLIST_FILE = YES;
				MARKETING_VERSION = 1.0;
				PRODUCT_BUNDLE_IDENTIFIER = lukalesic.MVVMUITests;
				PRODUCT_NAME = "$(TARGET_NAME)";
				SWIFT_EMIT_LOC_STRINGS = NO;
				SWIFT_VERSION = 5.0;
				TARGETED_DEVICE_FAMILY = "1,2";
				TEST_TARGET_NAME = MVVM;
			};
			name = Debug;
		};
		DFFBAE4028FFEEC900AA73A8 /* Release */ = {
			isa = XCBuildConfiguration;
			buildSettings = {
				ALWAYS_EMBED_SWIFT_STANDARD_LIBRARIES = YES;
				CODE_SIGN_STYLE = Automatic;
				CURRENT_PROJECT_VERSION = 1;
				GENERATE_INFOPLIST_FILE = YES;
				MARKETING_VERSION = 1.0;
				PRODUCT_BUNDLE_IDENTIFIER = lukalesic.MVVMUITests;
				PRODUCT_NAME = "$(TARGET_NAME)";
				SWIFT_EMIT_LOC_STRINGS = NO;
				SWIFT_VERSION = 5.0;
				TARGETED_DEVICE_FAMILY = "1,2";
				TEST_TARGET_NAME = MVVM;
			};
			name = Release;
		};
/* End XCBuildConfiguration section */

/* Begin XCConfigurationList section */
		DF3C455028D2A43F002875D3 /* Build configuration list for PBXProject "LoaderPrototype5" */ = {
			isa = XCConfigurationList;
			buildConfigurations = (
				DF3C456128D2A445002875D3 /* Debug */,
				DF3C456228D2A445002875D3 /* Release */,
			);
			defaultConfigurationIsVisible = 0;
			defaultConfigurationName = Release;
		};
		DF3C456328D2A445002875D3 /* Build configuration list for PBXNativeTarget "LoaderPrototype5" */ = {
			isa = XCConfigurationList;
			buildConfigurations = (
				DF3C456428D2A445002875D3 /* Debug */,
				DF3C456528D2A445002875D3 /* Release */,
			);
			defaultConfigurationIsVisible = 0;
			defaultConfigurationName = Release;
		};
		DF90285728EC2E70007EDB01 /* Build configuration list for PBXNativeTarget "MarvelLoader" */ = {
			isa = XCConfigurationList;
			buildConfigurations = (
				DF90285828EC2E70007EDB01 /* Debug */,
				DF90285928EC2E70007EDB01 /* Release */,
			);
			defaultConfigurationIsVisible = 0;
			defaultConfigurationName = Release;
		};
		DF90285A28EC2E70007EDB01 /* Build configuration list for PBXNativeTarget "MarvelLoaderTests" */ = {
			isa = XCConfigurationList;
			buildConfigurations = (
				DF90285B28EC2E70007EDB01 /* Debug */,
				DF90285C28EC2E70007EDB01 /* Release */,
			);
			defaultConfigurationIsVisible = 0;
			defaultConfigurationName = Release;
		};
		DF90285D28EC2E70007EDB01 /* Build configuration list for PBXNativeTarget "MarvelLoaderUITests" */ = {
			isa = XCConfigurationList;
			buildConfigurations = (
				DF90285E28EC2E70007EDB01 /* Debug */,
				DF90285F28EC2E70007EDB01 /* Release */,
			);
			defaultConfigurationIsVisible = 0;
			defaultConfigurationName = Release;
		};
		DFFBAE4128FFEEC900AA73A8 /* Build configuration list for PBXNativeTarget "MVVM" */ = {
			isa = XCConfigurationList;
			buildConfigurations = (
				DFFBAE3B28FFEEC900AA73A8 /* Debug */,
				DFFBAE3C28FFEEC900AA73A8 /* Release */,
			);
			defaultConfigurationIsVisible = 0;
			defaultConfigurationName = Release;
		};
		DFFBAE4228FFEEC900AA73A8 /* Build configuration list for PBXNativeTarget "MVVMTests" */ = {
			isa = XCConfigurationList;
			buildConfigurations = (
				DFFBAE3D28FFEEC900AA73A8 /* Debug */,
				DFFBAE3E28FFEEC900AA73A8 /* Release */,
			);
			defaultConfigurationIsVisible = 0;
			defaultConfigurationName = Release;
		};
		DFFBAE4328FFEEC900AA73A8 /* Build configuration list for PBXNativeTarget "MVVMUITests" */ = {
			isa = XCConfigurationList;
			buildConfigurations = (
				DFFBAE3F28FFEEC900AA73A8 /* Debug */,
				DFFBAE4028FFEEC900AA73A8 /* Release */,
			);
			defaultConfigurationIsVisible = 0;
			defaultConfigurationName = Release;
		};
/* End XCConfigurationList section */

/* Begin XCRemoteSwiftPackageReference section */
		DF9A021228F48C91002E3D06 /* XCRemoteSwiftPackageReference "SDWebImage" */ = {
			isa = XCRemoteSwiftPackageReference;
			repositoryURL = "https://github.com/SDWebImage/SDWebImage";
			requirement = {
				kind = upToNextMajorVersion;
				minimumVersion = 5.0.0;
			};
		};
		DF9A1D4628F985C20004A940 /* XCRemoteSwiftPackageReference "PureLayout" */ = {
			isa = XCRemoteSwiftPackageReference;
			repositoryURL = "https://github.com/PureLayout/PureLayout";
			requirement = {
				kind = upToNextMajorVersion;
				minimumVersion = 3.0.0;
			};
		};
/* End XCRemoteSwiftPackageReference section */

/* Begin XCSwiftPackageProductDependency section */
		DF5FFDDA28F48E64007D91B4 /* SDWebImage */ = {
			isa = XCSwiftPackageProductDependency;
			package = DF9A021228F48C91002E3D06 /* XCRemoteSwiftPackageReference "SDWebImage" */;
			productName = SDWebImage;
		};
		DF9A021328F48C91002E3D06 /* SDWebImage */ = {
			isa = XCSwiftPackageProductDependency;
			package = DF9A021228F48C91002E3D06 /* XCRemoteSwiftPackageReference "SDWebImage" */;
			productName = SDWebImage;
		};
		DF9A1D4728F985C20004A940 /* PureLayout */ = {
			isa = XCSwiftPackageProductDependency;
			package = DF9A1D4628F985C20004A940 /* XCRemoteSwiftPackageReference "PureLayout" */;
			productName = PureLayout;
		};
		DF9A1D4928F985EF0004A940 /* PureLayout */ = {
			isa = XCSwiftPackageProductDependency;
			package = DF9A1D4628F985C20004A940 /* XCRemoteSwiftPackageReference "PureLayout" */;
			productName = PureLayout;
		};
/* End XCSwiftPackageProductDependency section */
	};
	rootObject = DF3C454D28D2A43F002875D3 /* Project object */;
}
